// !$*UTF8*$!
{
	archiveVersion = 1;
	classes = {
	};
	objectVersion = 56;
	objects = {

/* Begin PBXBuildFile section */
		046BEE4429DADF3500FBD178 /* AppDelegate.swift in Sources */ = {isa = PBXBuildFile; fileRef = 046BEE4329DADF3500FBD178 /* AppDelegate.swift */; };
		046BEE4629DADF3500FBD178 /* SceneDelegate.swift in Sources */ = {isa = PBXBuildFile; fileRef = 046BEE4529DADF3500FBD178 /* SceneDelegate.swift */; };
		046BEE4829DADF3500FBD178 /* ViewController.swift in Sources */ = {isa = PBXBuildFile; fileRef = 046BEE4729DADF3500FBD178 /* ViewController.swift */; };
		046BEE4B29DADF3500FBD178 /* Main.storyboard in Resources */ = {isa = PBXBuildFile; fileRef = 046BEE4929DADF3500FBD178 /* Main.storyboard */; };
		046BEE4D29DADF3700FBD178 /* Assets.xcassets in Resources */ = {isa = PBXBuildFile; fileRef = 046BEE4C29DADF3700FBD178 /* Assets.xcassets */; };
		046BEE5029DADF3700FBD178 /* LaunchScreen.storyboard in Resources */ = {isa = PBXBuildFile; fileRef = 046BEE4E29DADF3700FBD178 /* LaunchScreen.storyboard */; };
		046BEE5B29DADF3800FBD178 /* BountyListTests.swift in Sources */ = {isa = PBXBuildFile; fileRef = 046BEE5A29DADF3800FBD178 /* BountyListTests.swift */; };
		046BEE6529DADF3800FBD178 /* BountyListUITests.swift in Sources */ = {isa = PBXBuildFile; fileRef = 046BEE6429DADF3800FBD178 /* BountyListUITests.swift */; };
		046BEE6729DADF3800FBD178 /* BountyListUITestsLaunchTests.swift in Sources */ = {isa = PBXBuildFile; fileRef = 046BEE6629DADF3800FBD178 /* BountyListUITestsLaunchTests.swift */; };
		046BEE7429DAF68D00FBD178 /* DetailViewController.swift in Sources */ = {isa = PBXBuildFile; fileRef = 046BEE7329DAF68D00FBD178 /* DetailViewController.swift */; };
/* End PBXBuildFile section */

/* Begin PBXContainerItemProxy section */
		046BEE5729DADF3800FBD178 /* PBXContainerItemProxy */ = {
			isa = PBXContainerItemProxy;
			containerPortal = 046BEE3829DADF3500FBD178 /* Project object */;
			proxyType = 1;
			remoteGlobalIDString = 046BEE3F29DADF3500FBD178;
			remoteInfo = BountyList;
		};
		046BEE6129DADF3800FBD178 /* PBXContainerItemProxy */ = {
			isa = PBXContainerItemProxy;
			containerPortal = 046BEE3829DADF3500FBD178 /* Project object */;
			proxyType = 1;
			remoteGlobalIDString = 046BEE3F29DADF3500FBD178;
			remoteInfo = BountyList;
		};
/* End PBXContainerItemProxy section */

/* Begin PBXFileReference section */
		046BEE4029DADF3500FBD178 /* BountyList.app */ = {isa = PBXFileReference; explicitFileType = wrapper.application; includeInIndex = 0; path = BountyList.app; sourceTree = BUILT_PRODUCTS_DIR; };
		046BEE4329DADF3500FBD178 /* AppDelegate.swift */ = {isa = PBXFileReference; lastKnownFileType = sourcecode.swift; path = AppDelegate.swift; sourceTree = "<group>"; };
		046BEE4529DADF3500FBD178 /* SceneDelegate.swift */ = {isa = PBXFileReference; lastKnownFileType = sourcecode.swift; path = SceneDelegate.swift; sourceTree = "<group>"; };
		046BEE4729DADF3500FBD178 /* ViewController.swift */ = {isa = PBXFileReference; lastKnownFileType = sourcecode.swift; path = ViewController.swift; sourceTree = "<group>"; };
		046BEE4A29DADF3500FBD178 /* Base */ = {isa = PBXFileReference; lastKnownFileType = file.storyboard; name = Base; path = Base.lproj/Main.storyboard; sourceTree = "<group>"; };
		046BEE4C29DADF3700FBD178 /* Assets.xcassets */ = {isa = PBXFileReference; lastKnownFileType = folder.assetcatalog; path = Assets.xcassets; sourceTree = "<group>"; };
		046BEE4F29DADF3700FBD178 /* Base */ = {isa = PBXFileReference; lastKnownFileType = file.storyboard; name = Base; path = Base.lproj/LaunchScreen.storyboard; sourceTree = "<group>"; };
		046BEE5129DADF3700FBD178 /* Info.plist */ = {isa = PBXFileReference; lastKnownFileType = text.plist.xml; path = Info.plist; sourceTree = "<group>"; };
		046BEE5629DADF3800FBD178 /* BountyListTests.xctest */ = {isa = PBXFileReference; explicitFileType = wrapper.cfbundle; includeInIndex = 0; path = BountyListTests.xctest; sourceTree = BUILT_PRODUCTS_DIR; };
		046BEE5A29DADF3800FBD178 /* BountyListTests.swift */ = {isa = PBXFileReference; lastKnownFileType = sourcecode.swift; path = BountyListTests.swift; sourceTree = "<group>"; };
		046BEE6029DADF3800FBD178 /* BountyListUITests.xctest */ = {isa = PBXFileReference; explicitFileType = wrapper.cfbundle; includeInIndex = 0; path = BountyListUITests.xctest; sourceTree = BUILT_PRODUCTS_DIR; };
		046BEE6429DADF3800FBD178 /* BountyListUITests.swift */ = {isa = PBXFileReference; lastKnownFileType = sourcecode.swift; path = BountyListUITests.swift; sourceTree = "<group>"; };
		046BEE6629DADF3800FBD178 /* BountyListUITestsLaunchTests.swift */ = {isa = PBXFileReference; lastKnownFileType = sourcecode.swift; path = BountyListUITestsLaunchTests.swift; sourceTree = "<group>"; };
		046BEE7329DAF68D00FBD178 /* DetailViewController.swift */ = {isa = PBXFileReference; lastKnownFileType = sourcecode.swift; path = DetailViewController.swift; sourceTree = "<group>"; };
/* End PBXFileReference section */

/* Begin PBXFrameworksBuildPhase section */
		046BEE3D29DADF3500FBD178 /* Frameworks */ = {
			isa = PBXFrameworksBuildPhase;
			buildActionMask = 2147483647;
			files = (
			);
			runOnlyForDeploymentPostprocessing = 0;
		};
		046BEE5329DADF3800FBD178 /* Frameworks */ = {
			isa = PBXFrameworksBuildPhase;
			buildActionMask = 2147483647;
			files = (
			);
			runOnlyForDeploymentPostprocessing = 0;
		};
		046BEE5D29DADF3800FBD178 /* Frameworks */ = {
			isa = PBXFrameworksBuildPhase;
			buildActionMask = 2147483647;
			files = (
			);
			runOnlyForDeploymentPostprocessing = 0;
		};
/* End PBXFrameworksBuildPhase section */

/* Begin PBXGroup section */
		046BEE3729DADF3500FBD178 = {
			isa = PBXGroup;
			children = (
				046BEE4229DADF3500FBD178 /* BountyList */,
				046BEE5929DADF3800FBD178 /* BountyListTests */,
				046BEE6329DADF3800FBD178 /* BountyListUITests */,
				046BEE4129DADF3500FBD178 /* Products */,
			);
			sourceTree = "<group>";
		};
		046BEE4129DADF3500FBD178 /* Products */ = {
			isa = PBXGroup;
			children = (
				046BEE4029DADF3500FBD178 /* BountyList.app */,
				046BEE5629DADF3800FBD178 /* BountyListTests.xctest */,
				046BEE6029DADF3800FBD178 /* BountyListUITests.xctest */,
			);
			name = Products;
			sourceTree = "<group>";
		};
		046BEE4229DADF3500FBD178 /* BountyList */ = {
			isa = PBXGroup;
			children = (
				046BEE4329DADF3500FBD178 /* AppDelegate.swift */,
				046BEE4529DADF3500FBD178 /* SceneDelegate.swift */,
				046BEE4729DADF3500FBD178 /* ViewController.swift */,
				046BEE7329DAF68D00FBD178 /* DetailViewController.swift */,
				046BEE4929DADF3500FBD178 /* Main.storyboard */,
				046BEE4C29DADF3700FBD178 /* Assets.xcassets */,
				046BEE4E29DADF3700FBD178 /* LaunchScreen.storyboard */,
				046BEE5129DADF3700FBD178 /* Info.plist */,
			);
			path = BountyList;
			sourceTree = "<group>";
		};
		046BEE5929DADF3800FBD178 /* BountyListTests */ = {
			isa = PBXGroup;
			children = (
				046BEE5A29DADF3800FBD178 /* BountyListTests.swift */,
			);
			path = BountyListTests;
			sourceTree = "<group>";
		};
		046BEE6329DADF3800FBD178 /* BountyListUITests */ = {
			isa = PBXGroup;
			children = (
				046BEE6429DADF3800FBD178 /* BountyListUITests.swift */,
				046BEE6629DADF3800FBD178 /* BountyListUITestsLaunchTests.swift */,
			);
			path = BountyListUITests;
			sourceTree = "<group>";
		};
/* End PBXGroup section */

/* Begin PBXNativeTarget section */
		046BEE3F29DADF3500FBD178 /* BountyList */ = {
			isa = PBXNativeTarget;
			buildConfigurationList = 046BEE6A29DADF3800FBD178 /* Build configuration list for PBXNativeTarget "BountyList" */;
			buildPhases = (
				046BEE3C29DADF3500FBD178 /* Sources */,
				046BEE3D29DADF3500FBD178 /* Frameworks */,
				046BEE3E29DADF3500FBD178 /* Resources */,
			);
			buildRules = (
			);
			dependencies = (
			);
			name = BountyList;
			productName = BountyList;
			productReference = 046BEE4029DADF3500FBD178 /* BountyList.app */;
			productType = "com.apple.product-type.application";
		};
		046BEE5529DADF3800FBD178 /* BountyListTests */ = {
			isa = PBXNativeTarget;
			buildConfigurationList = 046BEE6D29DADF3800FBD178 /* Build configuration list for PBXNativeTarget "BountyListTests" */;
			buildPhases = (
				046BEE5229DADF3800FBD178 /* Sources */,
				046BEE5329DADF3800FBD178 /* Frameworks */,
				046BEE5429DADF3800FBD178 /* Resources */,
			);
			buildRules = (
			);
			dependencies = (
				046BEE5829DADF3800FBD178 /* PBXTargetDependency */,
			);
			name = BountyListTests;
			productName = BountyListTests;
			productReference = 046BEE5629DADF3800FBD178 /* BountyListTests.xctest */;
			productType = "com.apple.product-type.bundle.unit-test";
		};
		046BEE5F29DADF3800FBD178 /* BountyListUITests */ = {
			isa = PBXNativeTarget;
			buildConfigurationList = 046BEE7029DADF3800FBD178 /* Build configuration list for PBXNativeTarget "BountyListUITests" */;
			buildPhases = (
				046BEE5C29DADF3800FBD178 /* Sources */,
				046BEE5D29DADF3800FBD178 /* Frameworks */,
				046BEE5E29DADF3800FBD178 /* Resources */,
			);
			buildRules = (
			);
			dependencies = (
				046BEE6229DADF3800FBD178 /* PBXTargetDependency */,
			);
			name = BountyListUITests;
			productName = BountyListUITests;
			productReference = 046BEE6029DADF3800FBD178 /* BountyListUITests.xctest */;
			productType = "com.apple.product-type.bundle.ui-testing";
		};
/* End PBXNativeTarget section */

/* Begin PBXProject section */
		046BEE3829DADF3500FBD178 /* Project object */ = {
			isa = PBXProject;
			attributes = {
				BuildIndependentTargetsInParallel = 1;
				LastSwiftUpdateCheck = 1420;
				LastUpgradeCheck = 1420;
				TargetAttributes = {
					046BEE3F29DADF3500FBD178 = {
						CreatedOnToolsVersion = 14.2;
					};
					046BEE5529DADF3800FBD178 = {
						CreatedOnToolsVersion = 14.2;
						TestTargetID = 046BEE3F29DADF3500FBD178;
					};
					046BEE5F29DADF3800FBD178 = {
						CreatedOnToolsVersion = 14.2;
						TestTargetID = 046BEE3F29DADF3500FBD178;
					};
				};
			};
			buildConfigurationList = 046BEE3B29DADF3500FBD178 /* Build configuration list for PBXProject "BountyList" */;
			compatibilityVersion = "Xcode 14.0";
			developmentRegion = en;
			hasScannedForEncodings = 0;
			knownRegions = (
				en,
				Base,
			);
			mainGroup = 046BEE3729DADF3500FBD178;
			productRefGroup = 046BEE4129DADF3500FBD178 /* Products */;
			projectDirPath = "";
			projectRoot = "";
			targets = (
				046BEE3F29DADF3500FBD178 /* BountyList */,
				046BEE5529DADF3800FBD178 /* BountyListTests */,
				046BEE5F29DADF3800FBD178 /* BountyListUITests */,
			);
		};
/* End PBXProject section */

/* Begin PBXResourcesBuildPhase section */
		046BEE3E29DADF3500FBD178 /* Resources */ = {
			isa = PBXResourcesBuildPhase;
			buildActionMask = 2147483647;
			files = (
				046BEE5029DADF3700FBD178 /* LaunchScreen.storyboard in Resources */,
				046BEE4D29DADF3700FBD178 /* Assets.xcassets in Resources */,
				046BEE4B29DADF3500FBD178 /* Main.storyboard in Resources */,
			);
			runOnlyForDeploymentPostprocessing = 0;
		};
		046BEE5429DADF3800FBD178 /* Resources */ = {
			isa = PBXResourcesBuildPhase;
			buildActionMask = 2147483647;
			files = (
			);
			runOnlyForDeploymentPostprocessing = 0;
		};
		046BEE5E29DADF3800FBD178 /* Resources */ = {
			isa = PBXResourcesBuildPhase;
			buildActionMask = 2147483647;
			files = (
			);
			runOnlyForDeploymentPostprocessing = 0;
		};
/* End PBXResourcesBuildPhase section */

/* Begin PBXSourcesBuildPhase section */
		046BEE3C29DADF3500FBD178 /* Sources */ = {
			isa = PBXSourcesBuildPhase;
			buildActionMask = 2147483647;
			files = (
				046BEE4829DADF3500FBD178 /* ViewController.swift in Sources */,
				046BEE4429DADF3500FBD178 /* AppDelegate.swift in Sources */,
				046BEE4629DADF3500FBD178 /* SceneDelegate.swift in Sources */,
				046BEE7429DAF68D00FBD178 /* DetailViewController.swift in Sources */,
			);
			runOnlyForDeploymentPostprocessing = 0;
		};
		046BEE5229DADF3800FBD178 /* Sources */ = {
			isa = PBXSourcesBuildPhase;
			buildActionMask = 2147483647;
			files = (
				046BEE5B29DADF3800FBD178 /* BountyListTests.swift in Sources */,
			);
			runOnlyForDeploymentPostprocessing = 0;
		};
		046BEE5C29DADF3800FBD178 /* Sources */ = {
			isa = PBXSourcesBuildPhase;
			buildActionMask = 2147483647;
			files = (
				046BEE6529DADF3800FBD178 /* BountyListUITests.swift in Sources */,
				046BEE6729DADF3800FBD178 /* BountyListUITestsLaunchTests.swift in Sources */,
			);
			runOnlyForDeploymentPostprocessing = 0;
		};
/* End PBXSourcesBuildPhase section */

/* Begin PBXTargetDependency section */
		046BEE5829DADF3800FBD178 /* PBXTargetDependency */ = {
			isa = PBXTargetDependency;
			target = 046BEE3F29DADF3500FBD178 /* BountyList */;
			targetProxy = 046BEE5729DADF3800FBD178 /* PBXContainerItemProxy */;
		};
		046BEE6229DADF3800FBD178 /* PBXTargetDependency */ = {
			isa = PBXTargetDependency;
			target = 046BEE3F29DADF3500FBD178 /* BountyList */;
			targetProxy = 046BEE6129DADF3800FBD178 /* PBXContainerItemProxy */;
		};
/* End PBXTargetDependency section */

/* Begin PBXVariantGroup section */
		046BEE4929DADF3500FBD178 /* Main.storyboard */ = {
			isa = PBXVariantGroup;
			children = (
				046BEE4A29DADF3500FBD178 /* Base */,
			);
			name = Main.storyboard;
			sourceTree = "<group>";
		};
		046BEE4E29DADF3700FBD178 /* LaunchScreen.storyboard */ = {
			isa = PBXVariantGroup;
			children = (
				046BEE4F29DADF3700FBD178 /* Base */,
			);
			name = LaunchScreen.storyboard;
			sourceTree = "<group>";
		};
/* End PBXVariantGroup section */

/* Begin XCBuildConfiguration section */
		046BEE6829DADF3800FBD178 /* Debug */ = {
			isa = XCBuildConfiguration;
			buildSettings = {
				ALWAYS_SEARCH_USER_PATHS = NO;
				CLANG_ANALYZER_NONNULL = YES;
				CLANG_ANALYZER_NUMBER_OBJECT_CONVERSION = YES_AGGRESSIVE;
				CLANG_CXX_LANGUAGE_STANDARD = "gnu++20";
				CLANG_ENABLE_MODULES = YES;
				CLANG_ENABLE_OBJC_ARC = YES;
				CLANG_ENABLE_OBJC_WEAK = YES;
				CLANG_WARN_BLOCK_CAPTURE_AUTORELEASING = YES;
				CLANG_WARN_BOOL_CONVERSION = YES;
				CLANG_WARN_COMMA = YES;
				CLANG_WARN_CONSTANT_CONVERSION = YES;
				CLANG_WARN_DEPRECATED_OBJC_IMPLEMENTATIONS = YES;
				CLANG_WARN_DIRECT_OBJC_ISA_USAGE = YES_ERROR;
				CLANG_WARN_DOCUMENTATION_COMMENTS = YES;
				CLANG_WARN_EMPTY_BODY = YES;
				CLANG_WARN_ENUM_CONVERSION = YES;
				CLANG_WARN_INFINITE_RECURSION = YES;
				CLANG_WARN_INT_CONVERSION = YES;
				CLANG_WARN_NON_LITERAL_NULL_CONVERSION = YES;
				CLANG_WARN_OBJC_IMPLICIT_RETAIN_SELF = YES;
				CLANG_WARN_OBJC_LITERAL_CONVERSION = YES;
				CLANG_WARN_OBJC_ROOT_CLASS = YES_ERROR;
				CLANG_WARN_QUOTED_INCLUDE_IN_FRAMEWORK_HEADER = YES;
				CLANG_WARN_RANGE_LOOP_ANALYSIS = YES;
				CLANG_WARN_STRICT_PROTOTYPES = YES;
				CLANG_WARN_SUSPICIOUS_MOVE = YES;
				CLANG_WARN_UNGUARDED_AVAILABILITY = YES_AGGRESSIVE;
				CLANG_WARN_UNREACHABLE_CODE = YES;
				CLANG_WARN__DUPLICATE_METHOD_MATCH = YES;
				COPY_PHASE_STRIP = NO;
				DEBUG_INFORMATION_FORMAT = dwarf;
				ENABLE_STRICT_OBJC_MSGSEND = YES;
				ENABLE_TESTABILITY = YES;
				GCC_C_LANGUAGE_STANDARD = gnu11;
				GCC_DYNAMIC_NO_PIC = NO;
				GCC_NO_COMMON_BLOCKS = YES;
				GCC_OPTIMIZATION_LEVEL = 0;
				GCC_PREPROCESSOR_DEFINITIONS = (
					"DEBUG=1",
					"$(inherited)",
				);
				GCC_WARN_64_TO_32_BIT_CONVERSION = YES;
				GCC_WARN_ABOUT_RETURN_TYPE = YES_ERROR;
				GCC_WARN_UNDECLARED_SELECTOR = YES;
				GCC_WARN_UNINITIALIZED_AUTOS = YES_AGGRESSIVE;
				GCC_WARN_UNUSED_FUNCTION = YES;
				GCC_WARN_UNUSED_VARIABLE = YES;
				IPHONEOS_DEPLOYMENT_TARGET = 16.2;
				MTL_ENABLE_DEBUG_INFO = INCLUDE_SOURCE;
				MTL_FAST_MATH = YES;
				ONLY_ACTIVE_ARCH = YES;
				SDKROOT = iphoneos;
				SWIFT_ACTIVE_COMPILATION_CONDITIONS = DEBUG;
				SWIFT_OPTIMIZATION_LEVEL = "-Onone";
			};
			name = Debug;
		};
		046BEE6929DADF3800FBD178 /* Release */ = {
			isa = XCBuildConfiguration;
			buildSettings = {
				ALWAYS_SEARCH_USER_PATHS = NO;
				CLANG_ANALYZER_NONNULL = YES;
				CLANG_ANALYZER_NUMBER_OBJECT_CONVERSION = YES_AGGRESSIVE;
				CLANG_CXX_LANGUAGE_STANDARD = "gnu++20";
				CLANG_ENABLE_MODULES = YES;
				CLANG_ENABLE_OBJC_ARC = YES;
				CLANG_ENABLE_OBJC_WEAK = YES;
				CLANG_WARN_BLOCK_CAPTURE_AUTORELEASING = YES;
				CLANG_WARN_BOOL_CONVERSION = YES;
				CLANG_WARN_COMMA = YES;
				CLANG_WARN_CONSTANT_CONVERSION = YES;
				CLANG_WARN_DEPRECATED_OBJC_IMPLEMENTATIONS = YES;
				CLANG_WARN_DIRECT_OBJC_ISA_USAGE = YES_ERROR;
				CLANG_WARN_DOCUMENTATION_COMMENTS = YES;
				CLANG_WARN_EMPTY_BODY = YES;
				CLANG_WARN_ENUM_CONVERSION = YES;
				CLANG_WARN_INFINITE_RECURSION = YES;
				CLANG_WARN_INT_CONVERSION = YES;
				CLANG_WARN_NON_LITERAL_NULL_CONVERSION = YES;
				CLANG_WARN_OBJC_IMPLICIT_RETAIN_SELF = YES;
				CLANG_WARN_OBJC_LITERAL_CONVERSION = YES;
				CLANG_WARN_OBJC_ROOT_CLASS = YES_ERROR;
				CLANG_WARN_QUOTED_INCLUDE_IN_FRAMEWORK_HEADER = YES;
				CLANG_WARN_RANGE_LOOP_ANALYSIS = YES;
				CLANG_WARN_STRICT_PROTOTYPES = YES;
				CLANG_WARN_SUSPICIOUS_MOVE = YES;
				CLANG_WARN_UNGUARDED_AVAILABILITY = YES_AGGRESSIVE;
				CLANG_WARN_UNREACHABLE_CODE = YES;
				CLANG_WARN__DUPLICATE_METHOD_MATCH = YES;
				COPY_PHASE_STRIP = NO;
				DEBUG_INFORMATION_FORMAT = "dwarf-with-dsym";
				ENABLE_NS_ASSERTIONS = NO;
				ENABLE_STRICT_OBJC_MSGSEND = YES;
				GCC_C_LANGUAGE_STANDARD = gnu11;
				GCC_NO_COMMON_BLOCKS = YES;
				GCC_WARN_64_TO_32_BIT_CONVERSION = YES;
				GCC_WARN_ABOUT_RETURN_TYPE = YES_ERROR;
				GCC_WARN_UNDECLARED_SELECTOR = YES;
				GCC_WARN_UNINITIALIZED_AUTOS = YES_AGGRESSIVE;
				GCC_WARN_UNUSED_FUNCTION = YES;
				GCC_WARN_UNUSED_VARIABLE = YES;
				IPHONEOS_DEPLOYMENT_TARGET = 16.2;
				MTL_ENABLE_DEBUG_INFO = NO;
				MTL_FAST_MATH = YES;
				SDKROOT = iphoneos;
				SWIFT_COMPILATION_MODE = wholemodule;
				SWIFT_OPTIMIZATION_LEVEL = "-O";
				VALIDATE_PRODUCT = YES;
			};
			name = Release;
		};
		046BEE6B29DADF3800FBD178 /* Debug */ = {
			isa = XCBuildConfiguration;
			buildSettings = {
				ASSETCATALOG_COMPILER_APPICON_NAME = AppIcon;
				ASSETCATALOG_COMPILER_GLOBAL_ACCENT_COLOR_NAME = AccentColor;
				CODE_SIGN_STYLE = Automatic;
				CURRENT_PROJECT_VERSION = 1;
				DEVELOPMENT_TEAM = C228F79P72;
				GENERATE_INFOPLIST_FILE = YES;
				INFOPLIST_FILE = BountyList/Info.plist;
				INFOPLIST_KEY_UIApplicationSupportsIndirectInputEvents = YES;
				INFOPLIST_KEY_UILaunchStoryboardName = LaunchScreen;
				INFOPLIST_KEY_UIMainStoryboardFile = Main;
				INFOPLIST_KEY_UISupportedInterfaceOrientations_iPad = "UIInterfaceOrientationPortrait UIInterfaceOrientationPortraitUpsideDown UIInterfaceOrientationLandscapeLeft UIInterfaceOrientationLandscapeRight";
				INFOPLIST_KEY_UISupportedInterfaceOrientations_iPhone = "UIInterfaceOrientationPortrait UIInterfaceOrientationLandscapeLeft UIInterfaceOrientationLandscapeRight";
				LD_RUNPATH_SEARCH_PATHS = (
					"$(inherited)",
					"@executable_path/Frameworks",
				);
				MARKETING_VERSION = 1.0;
				PRODUCT_BUNDLE_IDENTIFIER = BountyList.BountyList;
				PRODUCT_NAME = "$(TARGET_NAME)";
				SWIFT_EMIT_LOC_STRINGS = YES;
				SWIFT_VERSION = 5.0;
				TARGETED_DEVICE_FAMILY = "1,2";
			};
			name = Debug;
		};
		046BEE6C29DADF3800FBD178 /* Release */ = {
			isa = XCBuildConfiguration;
			buildSettings = {
				ASSETCATALOG_COMPILER_APPICON_NAME = AppIcon;
				ASSETCATALOG_COMPILER_GLOBAL_ACCENT_COLOR_NAME = AccentColor;
				CODE_SIGN_STYLE = Automatic;
				CURRENT_PROJECT_VERSION = 1;
				DEVELOPMENT_TEAM = C228F79P72;
				GENERATE_INFOPLIST_FILE = YES;
				INFOPLIST_FILE = BountyList/Info.plist;
				INFOPLIST_KEY_UIApplicationSupportsIndirectInputEvents = YES;
				INFOPLIST_KEY_UILaunchStoryboardName = LaunchScreen;
				INFOPLIST_KEY_UIMainStoryboardFile = Main;
				INFOPLIST_KEY_UISupportedInterfaceOrientations_iPad = "UIInterfaceOrientationPortrait UIInterfaceOrientationPortraitUpsideDown UIInterfaceOrientationLandscapeLeft UIInterfaceOrientationLandscapeRight";
				INFOPLIST_KEY_UISupportedInterfaceOrientations_iPhone = "UIInterfaceOrientationPortrait UIInterfaceOrientationLandscapeLeft UIInterfaceOrientationLandscapeRight";
				LD_RUNPATH_SEARCH_PATHS = (
					"$(inherited)",
					"@executable_path/Frameworks",
				);
				MARKETING_VERSION = 1.0;
				PRODUCT_BUNDLE_IDENTIFIER = BountyList.BountyList;
				PRODUCT_NAME = "$(TARGET_NAME)";
				SWIFT_EMIT_LOC_STRINGS = YES;
				SWIFT_VERSION = 5.0;
				TARGETED_DEVICE_FAMILY = "1,2";
			};
			name = Release;
		};
		046BEE6E29DADF3800FBD178 /* Debug */ = {
			isa = XCBuildConfiguration;
			buildSettings = {
				ALWAYS_EMBED_SWIFT_STANDARD_LIBRARIES = YES;
				BUNDLE_LOADER = "$(TEST_HOST)";
				CODE_SIGN_STYLE = Automatic;
				CURRENT_PROJECT_VERSION = 1;
				DEVELOPMENT_TEAM = C228F79P72;
				GENERATE_INFOPLIST_FILE = YES;
				IPHONEOS_DEPLOYMENT_TARGET = 16.2;
				MARKETING_VERSION = 1.0;
				PRODUCT_BUNDLE_IDENTIFIER = BountyList.BountyListTests;
				PRODUCT_NAME = "$(TARGET_NAME)";
				SWIFT_EMIT_LOC_STRINGS = NO;
				SWIFT_VERSION = 5.0;
				TARGETED_DEVICE_FAMILY = "1,2";
				TEST_HOST = "$(BUILT_PRODUCTS_DIR)/BountyList.app/$(BUNDLE_EXECUTABLE_FOLDER_PATH)/BountyList";
			};
			name = Debug;
		};
		046BEE6F29DADF3800FBD178 /* Release */ = {
			isa = XCBuildConfiguration;
			buildSettings = {
				ALWAYS_EMBED_SWIFT_STANDARD_LIBRARIES = YES;
				BUNDLE_LOADER = "$(TEST_HOST)";
				CODE_SIGN_STYLE = Automatic;
				CURRENT_PROJECT_VERSION = 1;
				DEVELOPMENT_TEAM = C228F79P72;
				GENERATE_INFOPLIST_FILE = YES;
				IPHONEOS_DEPLOYMENT_TARGET = 16.2;
				MARKETING_VERSION = 1.0;
				PRODUCT_BUNDLE_IDENTIFIER = BountyList.BountyListTests;
				PRODUCT_NAME = "$(TARGET_NAME)";
				SWIFT_EMIT_LOC_STRINGS = NO;
				SWIFT_VERSION = 5.0;
				TARGETED_DEVICE_FAMILY = "1,2";
				TEST_HOST = "$(BUILT_PRODUCTS_DIR)/BountyList.app/$(BUNDLE_EXECUTABLE_FOLDER_PATH)/BountyList";
			};
			name = Release;
		};
		046BEE7129DADF3800FBD178 /* Debug */ = {
			isa = XCBuildConfiguration;
			buildSettings = {
				ALWAYS_EMBED_SWIFT_STANDARD_LIBRARIES = YES;
				CODE_SIGN_STYLE = Automatic;
				CURRENT_PROJECT_VERSION = 1;
				DEVELOPMENT_TEAM = C228F79P72;
				GENERATE_INFOPLIST_FILE = YES;
				MARKETING_VERSION = 1.0;
				PRODUCT_BUNDLE_IDENTIFIER = BountyList.BountyListUITests;
				PRODUCT_NAME = "$(TARGET_NAME)";
				SWIFT_EMIT_LOC_STRINGS = NO;
				SWIFT_VERSION = 5.0;
				TARGETED_DEVICE_FAMILY = "1,2";
				TEST_TARGET_NAME = BountyList;
			};
			name = Debug;
		};
		046BEE7229DADF3800FBD178 /* Release */ = {
			isa = XCBuildConfiguration;
			buildSettings = {
				ALWAYS_EMBED_SWIFT_STANDARD_LIBRARIES = YES;
				CODE_SIGN_STYLE = Automatic;
				CURRENT_PROJECT_VERSION = 1;
				DEVELOPMENT_TEAM = C228F79P72;
				GENERATE_INFOPLIST_FILE = YES;
				MARKETING_VERSION = 1.0;
				PRODUCT_BUNDLE_IDENTIFIER = BountyList.BountyListUITests;
				PRODUCT_NAME = "$(TARGET_NAME)";
				SWIFT_EMIT_LOC_STRINGS = NO;
				SWIFT_VERSION = 5.0;
				TARGETED_DEVICE_FAMILY = "1,2";
				TEST_TARGET_NAME = BountyList;
			};
			name = Release;
		};
/* End XCBuildConfiguration section */

/* Begin XCConfigurationList section */
		046BEE3B29DADF3500FBD178 /* Build configuration list for PBXProject "BountyList" */ = {
			isa = XCConfigurationList;
			buildConfigurations = (
				046BEE6829DADF3800FBD178 /* Debug */,
				046BEE6929DADF3800FBD178 /* Release */,
			);
			defaultConfigurationIsVisible = 0;
			defaultConfigurationName = Release;
		};
		046BEE6A29DADF3800FBD178 /* Build configuration list for PBXNativeTarget "BountyList" */ = {
			isa = XCConfigurationList;
			buildConfigurations = (
				046BEE6B29DADF3800FBD178 /* Debug */,
				046BEE6C29DADF3800FBD178 /* Release */,
			);
			defaultConfigurationIsVisible = 0;
			defaultConfigurationName = Release;
		};
		046BEE6D29DADF3800FBD178 /* Build configuration list for PBXNativeTarget "BountyListTests" */ = {
			isa = XCConfigurationList;
			buildConfigurations = (
				046BEE6E29DADF3800FBD178 /* Debug */,
				046BEE6F29DADF3800FBD178 /* Release */,
			);
			defaultConfigurationIsVisible = 0;
			defaultConfigurationName = Release;
		};
		046BEE7029DADF3800FBD178 /* Build configuration list for PBXNativeTarget "BountyListUITests" */ = {
			isa = XCConfigurationList;
			buildConfigurations = (
				046BEE7129DADF3800FBD178 /* Debug */,
				046BEE7229DADF3800FBD178 /* Release */,
			);
			defaultConfigurationIsVisible = 0;
			defaultConfigurationName = Release;
		};
/* End XCConfigurationList section */
	};
	rootObject = 046BEE3829DADF3500FBD178 /* Project object */;
}
